
Microsoft Visual Studio Solution File, Format Version 12.00
# Visual Studio Version 17
VisualStudioVersion = 17.4.33103.184
MinimumVisualStudioVersion = 10.0.40219.1
Project("{9A19103F-16F7-4668-BE54-9A1E7A4F7556}") = "MovieRentals.Tests", "MovieRentals.Tests\MovieRentals.Tests.csproj", "{BB88C1D3-B9A0-4BC6-AD12-17E289522D51}"
EndProject
Project("{FAE04EC0-301F-11D3-BF4B-00C04F79EFBC}") = "MovieRentals", "MovieRentals\MovieRentals.csproj", "{6D5A2CD1-C27D-44FC-87BA-1EAACFEE921A}"
EndProject
Global
	GlobalSection(SolutionConfigurationPlatforms) = preSolution
		Debug|Any CPU = Debug|Any CPU
		Release|Any CPU = Release|Any CPU
	EndGlobalSection
	GlobalSection(ProjectConfigurationPlatforms) = postSolution
		{BB88C1D3-B9A0-4BC6-AD12-17E289522D51}.Debug|Any CPU.ActiveCfg = Debug|Any CPU
		{BB88C1D3-B9A0-4BC6-AD12-17E289522D51}.Debug|Any CPU.Build.0 = Debug|Any CPU
		{BB88C1D3-B9A0-4BC6-AD12-17E289522D51}.Release|Any CPU.ActiveCfg = Release|Any CPU
		{BB88C1D3-B9A0-4BC6-AD12-17E289522D51}.Release|Any CPU.Build.0 = Release|Any CPU
		{6D5A2CD1-C27D-44FC-87BA-1EAACFEE921A}.Debug|Any CPU.ActiveCfg = Debug|Any CPU
		{6D5A2CD1-C27D-44FC-87BA-1EAACFEE921A}.Debug|Any CPU.Build.0 = Debug|Any CPU
		{6D5A2CD1-C27D-44FC-87BA-1EAACFEE921A}.Release|Any CPU.ActiveCfg = Release|Any CPU
		{6D5A2CD1-C27D-44FC-87BA-1EAACFEE921A}.Release|Any CPU.Build.0 = Release|Any CPU
	EndGlobalSection
	GlobalSection(SolutionProperties) = preSolution
		HideSolutionNode = FALSE
	EndGlobalSection
	GlobalSection(ExtensibilityGlobals) = postSolution
		SolutionGuid = {215B4A37-AD69-4128-A281-3F232C45FFCA}
	EndGlobalSection
EndGlobal
